
Microsoft Visual Studio Solution File, Format Version 12.00
# Visual Studio Version 16
VisualStudioVersion = 16.0.29806.167
MinimumVisualStudioVersion = 10.0.40219.1
Project("{FAE04EC0-301F-11D3-BF4B-00C04F79EFBC}") = "MP.Author.Api", "MP.Author.Api\MP.Author.Api.csproj", "{E1CDF858-7254-4288-ABD7-AC0D1FA800A4}"
EndProject
Global
	GlobalSection(SolutionConfigurationPlatforms) = preSolution
		Debug|Any CPU = Debug|Any CPU
		Release|Any CPU = Release|Any CPU
	EndGlobalSection
	GlobalSection(ProjectConfigurationPlatforms) = postSolution
		{E1CDF858-7254-4288-ABD7-AC0D1FA800A4}.Debug|Any CPU.ActiveCfg = Debug|Any CPU
		{E1CDF858-7254-4288-ABD7-AC0D1FA800A4}.Debug|Any CPU.Build.0 = Debug|Any CPU
		{E1CDF858-7254-4288-ABD7-AC0D1FA800A4}.Release|Any CPU.ActiveCfg = Release|Any CPU
		{E1CDF858-7254-4288-ABD7-AC0D1FA800A4}.Release|Any CPU.Build.0 = Release|Any CPU
	EndGlobalSection
	GlobalSection(SolutionProperties) = preSolution
		HideSolutionNode = FALSE
	EndGlobalSection
	GlobalSection(ExtensibilityGlobals) = postSolution
		SolutionGuid = {A24BFCF0-73AD-42AE-AF5D-B8A6678A3567}
	EndGlobalSection
EndGlobal
